
Microsoft Visual Studio Solution File, Format Version 12.00
# Visual Studio 15
VisualStudioVersion = 15.0.28010.2016
MinimumVisualStudioVersion = 10.0.40219.1
Project("{FAE04EC0-301F-11D3-BF4B-00C04F79EFBC}") = "TechTalk01", "TechTalk01\TechTalk01.csproj", "{6534D4AF-F00F-438B-8E1D-44104A65D514}"
EndProject
Global
	GlobalSection(SolutionConfigurationPlatforms) = preSolution
		Debug|Any CPU = Debug|Any CPU
		Release|Any CPU = Release|Any CPU
	EndGlobalSection
	GlobalSection(ProjectConfigurationPlatforms) = postSolution
		{6534D4AF-F00F-438B-8E1D-44104A65D514}.Debug|Any CPU.ActiveCfg = Debug|Any CPU
		{6534D4AF-F00F-438B-8E1D-44104A65D514}.Debug|Any CPU.Build.0 = Debug|Any CPU
		{6534D4AF-F00F-438B-8E1D-44104A65D514}.Release|Any CPU.ActiveCfg = Release|Any CPU
		{6534D4AF-F00F-438B-8E1D-44104A65D514}.Release|Any CPU.Build.0 = Release|Any CPU
	EndGlobalSection
	GlobalSection(SolutionProperties) = preSolution
		HideSolutionNode = FALSE
	EndGlobalSection
	GlobalSection(ExtensibilityGlobals) = postSolution
		SolutionGuid = {F429E128-4CE0-4605-8916-D0C96EC9AC5B}
	EndGlobalSection
EndGlobal
